
Microsoft Visual Studio Solution File, Format Version 12.00
# Visual Studio Version 17
VisualStudioVersion = 17.13.35931.197 d17.13
MinimumVisualStudioVersion = 10.0.40219.1
Project("{FAE04EC0-301F-11D3-BF4B-00C04F79EFBC}") = "PearlFurniture", "PearlFurniture\PearlFurniture.csproj", "{CC63A81C-7B03-4388-8037-2AB2A4801E7A}"
EndProject
Project("{2150E333-8FDC-42A3-9474-1A3956D46DE8}") = "terraform", "terraform", "{8EC462FD-D22E-90A8-E5CE-7E832BA40C5D}"
	ProjectSection(SolutionItems) = preProject
		main.tf = main.tf
		cloudfront.tf = cloudfront.tf
		alb.tf = alb.tf
		ec2.tf = ec2.tf
		terraform.tfvars = terraform.tfvars
		outputs.tf = outputs.tf
		route53.tf = route53.tf
		rds.tf = rds.tf
		provider.tf = provider.tf
		variables.tf = variables.tf
		vpc.tf = vpc.tf
	EndProjectSection
EndProject
Global
	GlobalSection(SolutionConfigurationPlatforms) = preSolution
		Debug|Any CPU = Debug|Any CPU
		Release|Any CPU = Release|Any CPU
	EndGlobalSection
	GlobalSection(ProjectConfigurationPlatforms) = postSolution
		{CC63A81C-7B03-4388-8037-2AB2A4801E7A}.Debug|Any CPU.ActiveCfg = Debug|Any CPU
		{CC63A81C-7B03-4388-8037-2AB2A4801E7A}.Debug|Any CPU.Build.0 = Debug|Any CPU
		{CC63A81C-7B03-4388-8037-2AB2A4801E7A}.Release|Any CPU.ActiveCfg = Release|Any CPU
		{CC63A81C-7B03-4388-8037-2AB2A4801E7A}.Release|Any CPU.Build.0 = Release|Any CPU
	EndGlobalSection
	GlobalSection(SolutionProperties) = preSolution
		HideSolutionNode = FALSE
	EndGlobalSection
	GlobalSection(ExtensibilityGlobals) = postSolution
		SolutionGuid = {B5F957CE-FA75-4331-9392-560F6DF3BB98}
	EndGlobalSection
EndGlobal
